{
  "version": "v1",
  "packages": {
    "ui-lab-components": {
      "signature": "d9de961b92e85d878c781534daf064cb",
      "file": true,
      "replaced": "^0.1.3"
    },
    "ui-lab-registry": {
      "signature": "d3db69fcb1e04b732f3a369e358114a2",
      "file": true,
      "replaced": "^0.1.4"
    }
  }
}