{
  "version": "v1",
  "packages": {
    "ui-lab-components": {
      "signature": "3ea4914c95e00bb17c0fa5d34073879c",
      "file": true,
      "replaced": "^0.1.3"
    },
    "ui-lab-registry": {
      "signature": "49205595741c8260f846ff89b4e0bc47",
      "file": true,
      "replaced": "^0.1.4"
    }
  }
}