{
  "version": "v1",
  "packages": {
    "@ui-lab/registry": {
      "signature": "39b6c81e840520042a3294c95ccc0e10",
      "file": true,
      "replaced": "workspace:*"
    },
    "ui-lab-components/components": {
      "signature": "f41bfd0295b6eff10939768979292ae1",
      "file": true
    },
    "ui-lab-components": {
      "signature": "9518442ef3a486e57e8b802d72df889b",
      "file": true
    }
  }
}